
Microsoft Visual Studio Solution File, Format Version 12.00
# Visual Studio Version 16
VisualStudioVersion = 25.0.1706.14
MinimumVisualStudioVersion = 10.0.40219.1
Project("{FAE04EC0-301F-11D3-BF4B-00C04F79EFBC}") = "AlexisBob", "AlexisBob.csproj", "{9806EFA3-B525-48FB-920D-2FC621E34E7E}"
EndProject
Global
	GlobalSection(SolutionConfigurationPlatforms) = preSolution
		Debug|Any CPU = Debug|Any CPU
		Release|Any CPU = Release|Any CPU
	EndGlobalSection
	GlobalSection(ProjectConfigurationPlatforms) = postSolution
		{9806EFA3-B525-48FB-920D-2FC621E34E7E}.Debug|Any CPU.ActiveCfg = Debug|Any CPU
		{9806EFA3-B525-48FB-920D-2FC621E34E7E}.Debug|Any CPU.Build.0 = Debug|Any CPU
		{9806EFA3-B525-48FB-920D-2FC621E34E7E}.Release|Any CPU.ActiveCfg = Release|Any CPU
		{9806EFA3-B525-48FB-920D-2FC621E34E7E}.Release|Any CPU.Build.0 = Release|Any CPU
	EndGlobalSection
	GlobalSection(SolutionProperties) = preSolution
		HideSolutionNode = FALSE
	EndGlobalSection
	GlobalSection(ExtensibilityGlobals) = postSolution
		SolutionGuid = {CB9A401D-6FD5-4E78-AC37-06DE45414567}
	EndGlobalSection
EndGlobal
